// !$*UTF8*$!
{
	archiveVersion = 1;
	classes = {
	};
	objectVersion = 46;
	objects = {

/* Begin PBXBuildFile section */
		0C54ACEA1D83B54E0025B60D /* main.m in Sources */ = {isa = PBXBuildFile; fileRef = 0C54ACE91D83B54E0025B60D /* main.m */; };
		0C54ACED1D83B54E0025B60D /* AppDelegate.m in Sources */ = {isa = PBXBuildFile; fileRef = 0C54ACEC1D83B54E0025B60D /* AppDelegate.m */; };
		0C54ACF01D83B54E0025B60D /* ViewController.m in Sources */ = {isa = PBXBuildFile; fileRef = 0C54ACEF1D83B54E0025B60D /* ViewController.m */; };
		0C54ACF31D83B54E0025B60D /* Main.storyboard in Resources */ = {isa = PBXBuildFile; fileRef = 0C54ACF11D83B54E0025B60D /* Main.storyboard */; };
		0C54ACF51D83B54E0025B60D /* Assets.xcassets in Resources */ = {isa = PBXBuildFile; fileRef = 0C54ACF41D83B54E0025B60D /* Assets.xcassets */; };
		0C54ACF81D83B54E0025B60D /* LaunchScreen.storyboard in Resources */ = {isa = PBXBuildFile; fileRef = 0C54ACF61D83B54E0025B60D /* LaunchScreen.storyboard */; };
		0C54AD021D83B5900025B60D /* HcdProcessView.m in Sources */ = {isa = PBXBuildFile; fileRef = 0C54AD011D83B5900025B60D /* HcdProcessView.m */; };
		0C6670131D86A29B00F473D6 /* charging_pic_bg.png in Resources */ = {isa = PBXBuildFile; fileRef = 0C6670121D86A29B00F473D6 /* charging_pic_bg.png */; };
/* End PBXBuildFile section */

/* Begin PBXFileReference section */
		0C54ACE51D83B54E0025B60D /* HcdProcessViewDemo.app */ = {isa = PBXFileReference; explicitFileType = wrapper.application; includeInIndex = 0; path = HcdProcessViewDemo.app; sourceTree = BUILT_PRODUCTS_DIR; };
		0C54ACE91D83B54E0025B60D /* main.m */ = {isa = PBXFileReference; lastKnownFileType = sourcecode.c.objc; path = main.m; sourceTree = "<group>"; };
		0C54ACEB1D83B54E0025B60D /* AppDelegate.h */ = {isa = PBXFileReference; lastKnownFileType = sourcecode.c.h; path = AppDelegate.h; sourceTree = "<group>"; };
		0C54ACEC1D83B54E0025B60D /* AppDelegate.m */ = {isa = PBXFileReference; lastKnownFileType = sourcecode.c.objc; path = AppDelegate.m; sourceTree = "<group>"; };
		0C54ACEE1D83B54E0025B60D /* ViewController.h */ = {isa = PBXFileReference; lastKnownFileType = sourcecode.c.h; path = ViewController.h; sourceTree = "<group>"; };
		0C54ACEF1D83B54E0025B60D /* ViewController.m */ = {isa = PBXFileReference; lastKnownFileType = sourcecode.c.objc; path = ViewController.m; sourceTree = "<group>"; };
		0C54ACF21D83B54E0025B60D /* Base */ = {isa = PBXFileReference; lastKnownFileType = file.storyboard; name = Base; path = Base.lproj/Main.storyboard; sourceTree = "<group>"; };
		0C54ACF41D83B54E0025B60D /* Assets.xcassets */ = {isa = PBXFileReference; lastKnownFileType = folder.assetcatalog; path = Assets.xcassets; sourceTree = "<group>"; };
		0C54ACF71D83B54E0025B60D /* Base */ = {isa = PBXFileReference; lastKnownFileType = file.storyboard; name = Base; path = Base.lproj/LaunchScreen.storyboard; sourceTree = "<group>"; };
		0C54ACF91D83B54E0025B60D /* Info.plist */ = {isa = PBXFileReference; lastKnownFileType = text.plist.xml; path = Info.plist; sourceTree = "<group>"; };
		0C54AD001D83B5900025B60D /* HcdProcessView.h */ = {isa = PBXFileReference; fileEncoding = 4; lastKnownFileType = sourcecode.c.h; path = HcdProcessView.h; sourceTree = "<group>"; };
		0C54AD011D83B5900025B60D /* HcdProcessView.m */ = {isa = PBXFileReference; fileEncoding = 4; lastKnownFileType = sourcecode.c.objc; path = HcdProcessView.m; sourceTree = "<group>"; };
		0C6670121D86A29B00F473D6 /* charging_pic_bg.png */ = {isa = PBXFileReference; lastKnownFileType = image.png; path = charging_pic_bg.png; sourceTree = "<group>"; };
/* End PBXFileReference section */

/* Begin PBXFrameworksBuildPhase section */
		0C54ACE21D83B54E0025B60D /* Frameworks */ = {
			isa = PBXFrameworksBuildPhase;
			buildActionMask = 2147483647;
			files = (
			);
			runOnlyForDeploymentPostprocessing = 0;
		};
/* End PBXFrameworksBuildPhase section */

/* Begin PBXGroup section */
		0C54ACDC1D83B54E0025B60D = {
			isa = PBXGroup;
			children = (
				0C54ACFF1D83B56C0025B60D /* HcdProcessView */,
				0C54ACE71D83B54E0025B60D /* HcdProcessViewDemo */,
				0C54ACE61D83B54E0025B60D /* Products */,
			);
			sourceTree = "<group>";
		};
		0C54ACE61D83B54E0025B60D /* Products */ = {
			isa = PBXGroup;
			children = (
				0C54ACE51D83B54E0025B60D /* HcdProcessViewDemo.app */,
			);
			name = Products;
			sourceTree = "<group>";
		};
		0C54ACE71D83B54E0025B60D /* HcdProcessViewDemo */ = {
			isa = PBXGroup;
			children = (
				0C54ACEB1D83B54E0025B60D /* AppDelegate.h */,
				0C54ACEC1D83B54E0025B60D /* AppDelegate.m */,
				0C54ACEE1D83B54E0025B60D /* ViewController.h */,
				0C54ACEF1D83B54E0025B60D /* ViewController.m */,
				0C54ACF11D83B54E0025B60D /* Main.storyboard */,
				0C54ACF41D83B54E0025B60D /* Assets.xcassets */,
				0C54ACF61D83B54E0025B60D /* LaunchScreen.storyboard */,
				0C54ACF91D83B54E0025B60D /* Info.plist */,
				0C54ACE81D83B54E0025B60D /* Supporting Files */,
			);
			path = HcdProcessViewDemo;
			sourceTree = "<group>";
		};
		0C54ACE81D83B54E0025B60D /* Supporting Files */ = {
			isa = PBXGroup;
			children = (
				0C54ACE91D83B54E0025B60D /* main.m */,
			);
			name = "Supporting Files";
			sourceTree = "<group>";
		};
		0C54ACFF1D83B56C0025B60D /* HcdProcessView */ = {
			isa = PBXGroup;
			children = (
				0C6670111D86A29B00F473D6 /* Resource */,
				0C54AD001D83B5900025B60D /* HcdProcessView.h */,
				0C54AD011D83B5900025B60D /* HcdProcessView.m */,
			);
			path = HcdProcessView;
			sourceTree = "<group>";
		};
		0C6670111D86A29B00F473D6 /* Resource */ = {
			isa = PBXGroup;
			children = (
				0C6670121D86A29B00F473D6 /* charging_pic_bg.png */,
			);
			path = Resource;
			sourceTree = "<group>";
		};
/* End PBXGroup section */

/* Begin PBXNativeTarget section */
		0C54ACE41D83B54E0025B60D /* HcdProcessViewDemo */ = {
			isa = PBXNativeTarget;
			buildConfigurationList = 0C54ACFC1D83B54E0025B60D /* Build configuration list for PBXNativeTarget "HcdProcessViewDemo" */;
			buildPhases = (
				0C54ACE11D83B54E0025B60D /* Sources */,
				0C54ACE21D83B54E0025B60D /* Frameworks */,
				0C54ACE31D83B54E0025B60D /* Resources */,
			);
			buildRules = (
			);
			dependencies = (
			);
			name = HcdProcessViewDemo;
			productName = HcdProcessViewDemo;
			productReference = 0C54ACE51D83B54E0025B60D /* HcdProcessViewDemo.app */;
			productType = "com.apple.product-type.application";
		};
/* End PBXNativeTarget section */

/* Begin PBXProject section */
		0C54ACDD1D83B54E0025B60D /* Project object */ = {
			isa = PBXProject;
			attributes = {
				LastUpgradeCheck = 0730;
				ORGANIZATIONNAME = Polesapp;
				TargetAttributes = {
					0C54ACE41D83B54E0025B60D = {
						CreatedOnToolsVersion = 7.3.1;
					};
				};
			};
			buildConfigurationList = 0C54ACE01D83B54E0025B60D /* Build configuration list for PBXProject "HcdProcessViewDemo" */;
			compatibilityVersion = "Xcode 3.2";
			developmentRegion = English;
			hasScannedForEncodings = 0;
			knownRegions = (
				en,
				Base,
			);
			mainGroup = 0C54ACDC1D83B54E0025B60D;
			productRefGroup = 0C54ACE61D83B54E0025B60D /* Products */;
			projectDirPath = "";
			projectRoot = "";
			targets = (
				0C54ACE41D83B54E0025B60D /* HcdProcessViewDemo */,
			);
		};
/* End PBXProject section */

/* Begin PBXResourcesBuildPhase section */
		0C54ACE31D83B54E0025B60D /* Resources */ = {
			isa = PBXResourcesBuildPhase;
			buildActionMask = 2147483647;
			files = (
				0C6670131D86A29B00F473D6 /* charging_pic_bg.png in Resources */,
				0C54ACF81D83B54E0025B60D /* LaunchScreen.storyboard in Resources */,
				0C54ACF51D83B54E0025B60D /* Assets.xcassets in Resources */,
				0C54ACF31D83B54E0025B60D /* Main.storyboard in Resources */,
			);
			runOnlyForDeploymentPostprocessing = 0;
		};
/* End PBXResourcesBuildPhase section */

/* Begin PBXSourcesBuildPhase section */
		0C54ACE11D83B54E0025B60D /* Sources */ = {
			isa = PBXSourcesBuildPhase;
			buildActionMask = 2147483647;
			files = (
				0C54AD021D83B5900025B60D /* HcdProcessView.m in Sources */,
				0C54ACF01D83B54E0025B60D /* ViewController.m in Sources */,
				0C54ACED1D83B54E0025B60D /* AppDelegate.m in Sources */,
				0C54ACEA1D83B54E0025B60D /* main.m in Sources */,
			);
			runOnlyForDeploymentPostprocessing = 0;
		};
/* End PBXSourcesBuildPhase section */

/* Begin PBXVariantGroup section */
		0C54ACF11D83B54E0025B60D /* Main.storyboard */ = {
			isa = PBXVariantGroup;
			children = (
				0C54ACF21D83B54E0025B60D /* Base */,
			);
			name = Main.storyboard;
			sourceTree = "<group>";
		};
		0C54ACF61D83B54E0025B60D /* LaunchScreen.storyboard */ = {
			isa = PBXVariantGroup;
			children = (
				0C54ACF71D83B54E0025B60D /* Base */,
			);
			name = LaunchScreen.storyboard;
			sourceTree = "<group>";
		};
/* End PBXVariantGroup section */

/* Begin XCBuildConfiguration section */
		0C54ACFA1D83B54E0025B60D /* Debug */ = {
			isa = XCBuildConfiguration;
			buildSettings = {
				ALWAYS_SEARCH_USER_PATHS = NO;
				CLANG_ANALYZER_NONNULL = YES;
				CLANG_CXX_LANGUAGE_STANDARD = "gnu++0x";
				CLANG_CXX_LIBRARY = "libc++";
				CLANG_ENABLE_MODULES = YES;
				CLANG_ENABLE_OBJC_ARC = YES;
				CLANG_WARN_BOOL_CONVERSION = YES;
				CLANG_WARN_CONSTANT_CONVERSION = YES;
				CLANG_WARN_DIRECT_OBJC_ISA_USAGE = YES_ERROR;
				CLANG_WARN_EMPTY_BODY = YES;
				CLANG_WARN_ENUM_CONVERSION = YES;
				CLANG_WARN_INT_CONVERSION = YES;
				CLANG_WARN_OBJC_ROOT_CLASS = YES_ERROR;
				CLANG_WARN_UNREACHABLE_CODE = YES;
				CLANG_WARN__DUPLICATE_METHOD_MATCH = YES;
				"CODE_SIGN_IDENTITY[sdk=iphoneos*]" = "iPhone Developer";
				COPY_PHASE_STRIP = NO;
				DEBUG_INFORMATION_FORMAT = dwarf;
				ENABLE_STRICT_OBJC_MSGSEND = YES;
				ENABLE_TESTABILITY = YES;
				GCC_C_LANGUAGE_STANDARD = gnu99;
				GCC_DYNAMIC_NO_PIC = NO;
				GCC_NO_COMMON_BLOCKS = YES;
				GCC_OPTIMIZATION_LEVEL = 0;
				GCC_PREPROCESSOR_DEFINITIONS = (
					"DEBUG=1",
					"$(inherited)",
				);
				GCC_WARN_64_TO_32_BIT_CONVERSION = YES;
				GCC_WARN_ABOUT_RETURN_TYPE = YES_ERROR;
				GCC_WARN_UNDECLARED_SELECTOR = YES;
				GCC_WARN_UNINITIALIZED_AUTOS = YES_AGGRESSIVE;
				GCC_WARN_UNUSED_FUNCTION = YES;
				GCC_WARN_UNUSED_VARIABLE = YES;
				IPHONEOS_DEPLOYMENT_TARGET = 9.3;
				MTL_ENABLE_DEBUG_INFO = YES;
				ONLY_ACTIVE_ARCH = YES;
				SDKROOT = iphoneos;
			};
			name = Debug;
		};
		0C54ACFB1D83B54E0025B60D /* Release */ = {
			isa = XCBuildConfiguration;
			buildSettings = {
				ALWAYS_SEARCH_USER_PATHS = NO;
				CLANG_ANALYZER_NONNULL = YES;
				CLANG_CXX_LANGUAGE_STANDARD = "gnu++0x";
				CLANG_CXX_LIBRARY = "libc++";
				CLANG_ENABLE_MODULES = YES;
				CLANG_ENABLE_OBJC_ARC = YES;
				CLANG_WARN_BOOL_CONVERSION = YES;
				CLANG_WARN_CONSTANT_CONVERSION = YES;
				CLANG_WARN_DIRECT_OBJC_ISA_USAGE = YES_ERROR;
				CLANG_WARN_EMPTY_BODY = YES;
				CLANG_WARN_ENUM_CONVERSION = YES;
				CLANG_WARN_INT_CONVERSION = YES;
				CLANG_WARN_OBJC_ROOT_CLASS = YES_ERROR;
				CLANG_WARN_UNREACHABLE_CODE = YES;
				CLANG_WARN__DUPLICATE_METHOD_MATCH = YES;
				"CODE_SIGN_IDENTITY[sdk=iphoneos*]" = "iPhone Developer";
				COPY_PHASE_STRIP = NO;
				DEBUG_INFORMATION_FORMAT = "dwarf-with-dsym";
				ENABLE_NS_ASSERTIONS = NO;
				ENABLE_STRICT_OBJC_MSGSEND = YES;
				GCC_C_LANGUAGE_STANDARD = gnu99;
				GCC_NO_COMMON_BLOCKS = YES;
				GCC_WARN_64_TO_32_BIT_CONVERSION = YES;
				GCC_WARN_ABOUT_RETURN_TYPE = YES_ERROR;
				GCC_WARN_UNDECLARED_SELECTOR = YES;
				GCC_WARN_UNINITIALIZED_AUTOS = YES_AGGRESSIVE;
				GCC_WARN_UNUSED_FUNCTION = YES;
				GCC_WARN_UNUSED_VARIABLE = YES;
				IPHONEOS_DEPLOYMENT_TARGET = 9.3;
				MTL_ENABLE_DEBUG_INFO = NO;
				SDKROOT = iphoneos;
				VALIDATE_PRODUCT = YES;
			};
			name = Release;
		};
		0C54ACFD1D83B54E0025B60D /* Debug */ = {
			isa = XCBuildConfiguration;
			buildSettings = {
				ASSETCATALOG_COMPILER_APPICON_NAME = AppIcon;
				CODE_SIGN_IDENTITY = "iPhone Developer";
				INFOPLIST_FILE = HcdProcessViewDemo/Info.plist;
				IPHONEOS_DEPLOYMENT_TARGET = 7.0;
				LD_RUNPATH_SEARCH_PATHS = "$(inherited) @executable_path/Frameworks";
				PRODUCT_BUNDLE_IDENTIFIER = com.polesapp.HcdProcessViewDemo;
				PRODUCT_NAME = "$(TARGET_NAME)";
			};
			name = Debug;
		};
		0C54ACFE1D83B54E0025B60D /* Release */ = {
			isa = XCBuildConfiguration;
			buildSettings = {
				ASSETCATALOG_COMPILER_APPICON_NAME = AppIcon;
				CODE_SIGN_IDENTITY = "iPhone Developer";
				INFOPLIST_FILE = HcdProcessViewDemo/Info.plist;
				IPHONEOS_DEPLOYMENT_TARGET = 7.0;
				LD_RUNPATH_SEARCH_PATHS = "$(inherited) @executable_path/Frameworks";
				PRODUCT_BUNDLE_IDENTIFIER = com.polesapp.HcdProcessViewDemo;
				PRODUCT_NAME = "$(TARGET_NAME)";
			};
			name = Release;
		};
/* End XCBuildConfiguration section */

/* Begin XCConfigurationList section */
		0C54ACE01D83B54E0025B60D /* Build configuration list for PBXProject "HcdProcessViewDemo" */ = {
			isa = XCConfigurationList;
			buildConfigurations = (
				0C54ACFA1D83B54E0025B60D /* Debug */,
				0C54ACFB1D83B54E0025B60D /* Release */,
			);
			defaultConfigurationIsVisible = 0;
			defaultConfigurationName = Release;
		};
		0C54ACFC1D83B54E0025B60D /* Build configuration list for PBXNativeTarget "HcdProcessViewDemo" */ = {
			isa = XCConfigurationList;
			buildConfigurations = (
				0C54ACFD1D83B54E0025B60D /* Debug */,
				0C54ACFE1D83B54E0025B60D /* Release */,
			);
			defaultConfigurationIsVisible = 0;
			defaultConfigurationName = Release;
		};
/* End XCConfigurationList section */
	};
	rootObject = 0C54ACDD1D83B54E0025B60D /* Project object */;
}
